
Microsoft Visual Studio Solution File, Format Version 12.00
# Visual Studio Version 17
VisualStudioVersion = 17.7.34221.43
MinimumVisualStudioVersion = 10.0.40219.1
Project("{FAE04EC0-301F-11D3-BF4B-00C04F79EFBC}") = "LuaValley", "LuaValley\LuaValley.csproj", "{FB15F3F6-A642-4AD9-B1DE-6648ADF01EC5}"
EndProject
Global
	GlobalSection(SolutionConfigurationPlatforms) = preSolution
		Debug|Any CPU = Debug|Any CPU
		Release|Any CPU = Release|Any CPU
	EndGlobalSection
	GlobalSection(ProjectConfigurationPlatforms) = postSolution
		{FB15F3F6-A642-4AD9-B1DE-6648ADF01EC5}.Debug|Any CPU.ActiveCfg = Debug|Any CPU
		{FB15F3F6-A642-4AD9-B1DE-6648ADF01EC5}.Debug|Any CPU.Build.0 = Debug|Any CPU
		{FB15F3F6-A642-4AD9-B1DE-6648ADF01EC5}.Release|Any CPU.ActiveCfg = Release|Any CPU
		{FB15F3F6-A642-4AD9-B1DE-6648ADF01EC5}.Release|Any CPU.Build.0 = Release|Any CPU
	EndGlobalSection
	GlobalSection(SolutionProperties) = preSolution
		HideSolutionNode = FALSE
	EndGlobalSection
	GlobalSection(ExtensibilityGlobals) = postSolution
		SolutionGuid = {1041366B-E191-4B50-B0AE-DBA302FEAD5A}
	EndGlobalSection
EndGlobal
